PODS:
  - GoogleMaps (2.4.0):
    - GoogleMaps/Maps (= 2.4.0)
  - GoogleMaps/Base (2.4.0)
  - GoogleMaps/Maps (2.4.0):
    - GoogleMaps/Base

DEPENDENCIES:
  - GoogleMaps (= 2.4.0)

SPEC REPOS:
  https://github.com/cocoapods/specs.git:
    - GoogleMaps

SPEC CHECKSUMS:
  GoogleMaps: 8436ab5d1c25e36915b2f7416d0c8e3fa2e76c61

PODFILE CHECKSUM: c37c24fbbe0d3c7937caa9a4d9a0b9a7efd1ecac

COCOAPODS: 1.5.3
